{
  "nodes": {
    "codex-cli-nix": {
      "inputs": {
        "flake-utils": "flake-utils",
        "nixpkgs": "nixpkgs"
      },
      "locked": {
        "lastModified": 1782875821,
        "narHash": "sha256-Xii/zDQ2VB+Hpf5JHxWbk2PI6LOlFeIiZFGkTWqOQ+0=",
        "owner": "sadjow",
        "repo": "codex-cli-nix",
        "rev": "848bccf577af78fed932a7a16813e0628952405d",
        "type": "github"
      },
      "original": {
        "owner": "sadjow",
        "repo": "codex-cli-nix",
        "type": "github"
      }
    },
    "flake-parts": {
      "inputs": {
        "nixpkgs-lib": [
          "nixvim-config",
          "nixvim",
          "nixpkgs"
        ]
      },
      "locked": {
        "lastModified": 1782949081,
        "narHash": "sha256-vp6Y/Grm98ESt6ceOkWiHWyZRDV3J1RID4w+6NWK9yA=",
        "owner": "hercules-ci",
        "repo": "flake-parts",
        "rev": "17c9d6cdfc60c64f4ee8d306f9bc0b4ccb51481e",
        "type": "github"
      },
      "original": {
        "owner": "hercules-ci",
        "repo": "flake-parts",
        "type": "github"
      }
    },
    "flake-utils": {
      "inputs": {
        "systems": "systems"
      },
      "locked": {
        "lastModified": 1731533236,
        "narHash": "sha256-l0KFg5HjrsfsO/JpG+r7fRrqm12kzFHyUHqHCVpMMbI=",
        "owner": "numtide",
        "repo": "flake-utils",
        "rev": "11707dc2f618dd54ca8739b309ec4fc024de578b",
        "type": "github"
      },
      "original": {
        "owner": "numtide",
        "repo": "flake-utils",
        "type": "github"
      }
    },
    "home-manager": {
      "inputs": {
        "nixpkgs": [
          "nixpkgs"
        ]
      },
      "locked": {
        "lastModified": 1783221248,
        "narHash": "sha256-ESQnuNHEDChsB4IxoLRhscVahqkDWkTb+qdIz8euYt4=",
        "owner": "nix-community",
        "repo": "home-manager",
        "rev": "af2beae5f0fae0a4310cc0e6aef2572f56090353",
        "type": "github"
      },
      "original": {
        "owner": "nix-community",
        "ref": "release-26.05",
        "repo": "home-manager",
        "type": "github"
      }
    },
    "nix-darwin": {
      "inputs": {
        "nixpkgs": [
          "nixpkgs"
        ]
      },
      "locked": {
        "lastModified": 1781772065,
        "narHash": "sha256-xIbRSwDB1GBAUsWsQZUjudGfAGQt3BOpsWaO/ugVa4w=",
        "owner": "nix-darwin",
        "repo": "nix-darwin",
        "rev": "adda04f0bf4819575b1978c2f8d78401b3c2be12",
        "type": "github"
      },
      "original": {
        "owner": "nix-darwin",
        "ref": "nix-darwin-26.05",
        "repo": "nix-darwin",
        "type": "github"
      }
    },
    "nixpkgs": {
      "locked": {
        "lastModified": 1782760764,
        "narHash": "sha256-N66fYdUuZ9hpdM7jsQ7CUWtLJduqGDyTGCaLR62CXaQ=",
        "owner": "NixOS",
        "repo": "nixpkgs",
        "rev": "7a1a64774a5fd0b0cd39ac95d0e170ace8b266a0",
        "type": "github"
      },
      "original": {
        "owner": "NixOS",
        "ref": "nixpkgs-unstable",
        "repo": "nixpkgs",
        "type": "github"
      }
    },
    "nixpkgs_2": {
      "locked": {
        "lastModified": 1783148766,
        "narHash": "sha256-uslt2pqShTIXDdAHRHv2QkYLsVdY8Oqwz0EA48/RSM8=",
        "owner": "nixos",
        "repo": "nixpkgs",
        "rev": "a50de1b7d8a586adc18d2395c19de7d6058e6030",
        "type": "github"
      },
      "original": {
        "owner": "nixos",
        "ref": "nixos-26.05",
        "repo": "nixpkgs",
        "type": "github"
      }
    },
    "nixpkgs_3": {
      "locked": {
        "lastModified": 1783214977,
        "narHash": "sha256-0lkauQbtrljJqwtzTCILPAiHAJyMvn6XDo264moDv30=",
        "owner": "NixOS",
        "repo": "nixpkgs",
        "rev": "6edbf1a6a03e75886a6609c088801a0856449e88",
        "type": "github"
      },
      "original": {
        "owner": "NixOS",
        "ref": "nixpkgs-unstable",
        "repo": "nixpkgs",
        "type": "github"
      }
    },
    "nixvim": {
      "inputs": {
        "flake-parts": "flake-parts",
        "nixpkgs": "nixpkgs_3",
        "systems": "systems_2"
      },
      "locked": {
        "lastModified": 1783263374,
        "narHash": "sha256-JM0KZ9qqavwQ0JMNfUUUk6FpXCLwWD5byad9j6hAWFU=",
        "owner": "nix-community",
        "repo": "nixvim",
        "rev": "8a95c224e3a1b130ec5c18e612b80995e7b418ac",
        "type": "github"
      },
      "original": {
        "owner": "nix-community",
        "repo": "nixvim",
        "type": "github"
      }
    },
    "nixvim-config": {
      "inputs": {
        "nixpkgs": [
          "nixvim-config",
          "nixvim",
          "nixpkgs"
        ],
        "nixvim": "nixvim",
        "tawnyNvim": [
          "tawnyNvim"
        ]
      },
      "locked": {
        "lastModified": 1783323901,
        "narHash": "sha256-RbLXLq6OFgQlBC9jRWUbZp5SNPjEqWeL52tQ4TMdpgo=",
        "owner": "r-happy",
        "repo": "nixvim-config",
        "rev": "55b380ab279f447386447a40ad2910cb418c96b6",
        "type": "github"
      },
      "original": {
        "owner": "r-happy",
        "repo": "nixvim-config",
        "type": "github"
      }
    },
    "root": {
      "inputs": {
        "codex-cli-nix": "codex-cli-nix",
        "home-manager": "home-manager",
        "nix-darwin": "nix-darwin",
        "nixpkgs": "nixpkgs_2",
        "nixvim-config": "nixvim-config",
        "tawnyNvim": "tawnyNvim"
      }
    },
    "systems": {
      "locked": {
        "lastModified": 1681028828,
        "narHash": "sha256-Vy1rq5AaRuLzOxct8nz4T6wlgyUR7zLU309k9mBC768=",
        "owner": "nix-systems",
        "repo": "default",
        "rev": "da67096a3b9bf56a91d16901293e51ba5b49a27e",
        "type": "github"
      },
      "original": {
        "owner": "nix-systems",
        "repo": "default",
        "type": "github"
      }
    },
    "systems_2": {
      "locked": {
        "lastModified": 1774449309,
        "narHash": "sha256-brhZ8DmuGtzkCYHJg4HEd602amKm89Y9ytsFZ5uWD1w=",
        "owner": "nix-systems",
        "repo": "default",
        "rev": "c29398b59d2048c4ab79345812849c9bd15e9150",
        "type": "github"
      },
      "original": {
        "owner": "nix-systems",
        "ref": "future-26.11",
        "repo": "default",
        "type": "github"
      }
    },
    "tawnyNvim": {
      "flake": false,
      "locked": {
        "lastModified": 1783323241,
        "narHash": "sha256-Xm4/v91wDzZ9HR3Qz8V4NbymLeybP3tPxvJQBq7w0tA=",
        "owner": "r-happy",
        "repo": "tawny.nvim",
        "rev": "87aa36e860dff42da11714c5bf9d97f68dcccaf0",
        "type": "github"
      },
      "original": {
        "owner": "r-happy",
        "repo": "tawny.nvim",
        "type": "github"
      }
    }
  },
  "root": "root",
  "version": 7
}
